#include<iostream>
using namespace std;
int main()
{
	int distance, time;
	float cost = 0;

	cin >> distance;

	if (distance > 10)
	{
		cost = 6 + (10 - 2) * 1.8 + (distance - 10) * 1.8 * 1.5;
	}
	else
	{
		if (distance > 2)     cost = 6 + (distance - 2) * 1.8;
		else                  cost = 6;

	}
	cin >> time;
	cost += (time / 3) * 1;
	cout << cost << endl;
	
}
